{
    "_readme": [
        "This file locks the dependencies of your project to a known state",
        "Read more about it at https://getcomposer.org/doc/01-basic-usage.md#installing-dependencies",
        "This file is @generated automatically"
    ],
    "content-hash": "8517957b2737eaa5b017725435d6a4b1",
    "packages": [
        {
            "name": "dragonmantank/cron-expression",
            "version": "v3.6.0",
            "source": {
                "type": "git",
                "url": "https://github.com/dragonmantank/cron-expression.git",
                "reference": "d61a8a9604ec1f8c3d150d09db6ce98b32675013"
            },
            "dist": {
                "type": "zip",
                "url": "https://api.github.com/repos/dragonmantank/cron-expression/zipball/d61a8a9604ec1f8c3d150d09db6ce98b32675013",
                "reference": "d61a8a9604ec1f8c3d150d09db6ce98b32675013",
                "shasum": ""
            },
            "require": {
                "php": "^8.2|^8.3|^8.4|^8.5"
            },
            "replace": {
                "mtdowling/cron-expression": "^1.0"
            },
            "require-dev": {
                "phpstan/extension-installer": "^1.4.3",
                "phpstan/phpstan": "^1.12.32|^2.1.31",
                "phpunit/phpunit": "^8.5.48|^9.0"
            },
            "type": "library",
            "extra": {
                "branch-alias": {
                    "dev-master": "3.x-dev"
                }
            },
            "autoload": {
                "psr-4": {
                    "Cron\\": "src/Cron/"
                }
            },
            "notification-url": "https://packagist.org/downloads/",
            "license": [
                "MIT"
            ],
            "authors": [
                {
                    "name": "Chris Tankersley",
                    "email": "chris@ctankersley.com",
                    "homepage": "https://github.com/dragonmantank"
                }
            ],
            "description": "CRON for PHP: Calculate the next or previous run date and determine if a CRON expression is due",
            "keywords": [
                "cron",
                "schedule"
            ],
            "support": {
                "issues": "https://github.com/dragonmantank/cron-expression/issues",
                "source": "https://github.com/dragonmantank/cron-expression/tree/v3.6.0"
            },
            "funding": [
                {
                    "url": "https://github.com/dragonmantank",
                    "type": "github"
                }
            ],
            "time": "2025-10-31T18:51:33+00:00"
        }
    ],
    "packages-dev": [],
    "aliases": [],
    "minimum-stability": "stable",
    "stability-flags": {},
    "prefer-stable": false,
    "prefer-lowest": false,
    "platform": {},
    "platform-dev": {},
    "plugin-api-version": "2.9.0"
}
